{
  "name": "invite",
  "version": "1.0.0",
  "lockfileVersion": 1,
  "requires": true,
  "dependencies": {
    "@babel/runtime": {
      "version": "7.0.0-beta.51",
      "resolved": "https://registry.npmjs.org/@babel/runtime/-/runtime-7.0.0-beta.51.tgz",
      "integrity": "sha1-SLjtGDBwNMZiD2Q1FGUMoszAFlo=",
      "requires": {
        "core-js": "2.5.7",
        "regenerator-runtime": "0.11.1"
      }
    },
    "balloon-css": {
      "version": "0.5.0",
      "resolved": "https://registry.npmjs.org/balloon-css/-/balloon-css-0.5.0.tgz",
      "integrity": "sha1-ajwGXvq56l9QmpXUMV3wCq4RT6M="
    },
    "bignumber.js": {
      "version": "7.2.1",
      "resolved": "https://registry.npmjs.org/bignumber.js/-/bignumber.js-7.2.1.tgz",
      "integrity": "sha512-S4XzBk5sMB+Rcb/LNcpzXr57VRTxgAvaAEDAl1AwRx27j00hT84O6OkteE7u8UB3NuaaygCRrEpqox4uDOrbdQ=="
    },
    "classnames": {
      "version": "2.2.6",
      "resolved": "https://registry.npmjs.org/classnames/-/classnames-2.2.6.tgz",
      "integrity": "sha512-JR/iSQOSt+LQIWwrwEzJ9uk0xfN3mTVYMwt1Ir5mUcSN6pU+V4zQFFaJsclJbPuAUQH+yfWef6tm7l1quW3C8Q=="
    },
    "core-js": {
      "version": "2.5.7",
      "resolved": "https://registry.npmjs.org/core-js/-/core-js-2.5.7.tgz",
      "integrity": "sha512-RszJCAxg/PP6uzXVXL6BsxSXx/B05oJAQ2vkJRjyjrEcNVycaqOmNb5OTxZPE3xa5gwZduqza6L9JOCenh/Ecw=="
    },
    "crypto-js": {
      "version": "3.1.9-1",
      "resolved": "https://registry.npmjs.org/crypto-js/-/crypto-js-3.1.9-1.tgz",
      "integrity": "sha1-/aGedh/Ad+Af+/3G6f38WeiAbNg="
    },
    "decentraland-ui": {
      "version": "1.5.4",
      "resolved": "https://registry.npmjs.org/decentraland-ui/-/decentraland-ui-1.5.4.tgz",
      "integrity": "sha512-uzue+64XKIuf696pASPp3wyOozpxlqJqLQPxBQ0WNt0g/VlJ9oVmLVBFyvqmh5i/VAbqGsc1wYWyoJr+Kx9b9w==",
      "requires": {
        "balloon-css": "0.5.0",
        "ethereum-blockies": "0.1.1",
        "semantic-ui-css": "2.3.2",
        "semantic-ui-react": "0.81.3"
      }
    },
    "eth-connect": {
      "version": "0.3.0",
      "resolved": "https://registry.npmjs.org/eth-connect/-/eth-connect-0.3.0.tgz",
      "integrity": "sha512-L6EqPwg4eNMSG30AuJmo/sIVfWna7bRWROzQRKeAWFFWsAgmHpCpFM7Ra2UIyD3bH2uiht7+Eo6hMBnqNnB79Q==",
      "requires": {
        "bignumber.js": "7.2.1",
        "crypto-js": "3.1.9-1",
        "utf8": "3.0.0"
      }
    },
    "ethereum-blockies": {
      "version": "0.1.1",
      "resolved": "https://registry.npmjs.org/ethereum-blockies/-/ethereum-blockies-0.1.1.tgz",
      "integrity": "sha1-h5/pWd7vSSp6krQ9w0ro3C7lkfw="
    },
    "jquery": {
      "version": "3.3.1",
      "resolved": "https://registry.npmjs.org/jquery/-/jquery-3.3.1.tgz",
      "integrity": "sha512-Ubldcmxp5np52/ENotGxlLe6aGMvmF4R8S6tZjsP6Knsaxd/xp3Zrh50cG93lR6nPXyUFwzN3ZSOQI0wRJNdGg=="
    },
    "js-tokens": {
      "version": "3.0.2",
      "resolved": "https://registry.npmjs.org/js-tokens/-/js-tokens-3.0.2.tgz",
      "integrity": "sha1-mGbfOVECEw449/mWvOtlRDIJwls="
    },
    "keyboard-key": {
      "version": "1.0.1",
      "resolved": "https://registry.npmjs.org/keyboard-key/-/keyboard-key-1.0.1.tgz",
      "integrity": "sha512-OAfjaSI917BOonwfH6LQHMZJRv5035jjZvgElouB/DM4I7l5zEjrA15RD80YwIjhN69xqEfWCZIbhBcGpb85Ig=="
    },
    "lodash": {
      "version": "4.17.10",
      "resolved": "https://registry.npmjs.org/lodash/-/lodash-4.17.10.tgz",
      "integrity": "sha512-UejweD1pDoXu+AD825lWwp4ZGtSwgnpZxb3JDViD7StjQz+Nb/6l093lx4OQ0foGWNRoc19mWy7BzL+UAK2iVg=="
    },
    "loose-envify": {
      "version": "1.3.1",
      "resolved": "https://registry.npmjs.org/loose-envify/-/loose-envify-1.3.1.tgz",
      "integrity": "sha1-0aitM/qc4OcT1l/dCsi3SNR4yEg=",
      "requires": {
        "js-tokens": "3.0.2"
      }
    },
    "object-assign": {
      "version": "4.1.1",
      "resolved": "https://registry.npmjs.org/object-assign/-/object-assign-4.1.1.tgz",
      "integrity": "sha1-IQmtx5ZYh8/AXLvUQsrIv7s2CGM="
    },
    "openzeppelin-solidity": {
      "version": "1.10.0",
      "resolved": "https://registry.npmjs.org/openzeppelin-solidity/-/openzeppelin-solidity-1.10.0.tgz",
      "integrity": "sha512-igkrumQQ2lrN2zjeQV4Dnb0GpTBj1fzMcd8HPyBUqwI0hhuscX/HzXiqKT6gFQl1j9Wy/ppVVs9fqL/foF7Gmg=="
    },
    "prop-types": {
      "version": "15.6.2",
      "resolved": "https://registry.npmjs.org/prop-types/-/prop-types-15.6.2.tgz",
      "integrity": "sha512-3pboPvLiWD7dkI3qf3KbUe6hKFKa52w+AE0VCqECtf+QHAKgOL37tTaNCnuX1nAAQ4ZhyP+kYVKf8rLmJ/feDQ==",
      "requires": {
        "loose-envify": "1.3.1",
        "object-assign": "4.1.1"
      }
    },
    "regenerator-runtime": {
      "version": "0.11.1",
      "resolved": "https://registry.npmjs.org/regenerator-runtime/-/regenerator-runtime-0.11.1.tgz",
      "integrity": "sha512-MguG95oij0fC3QV3URf4V2SDYGJhJnJGqvIIgdECeODCT98wSWDAJ94SSuVpYQUoTcGUIL6L4yNB7j1DFFHSBg=="
    },
    "semantic-ui-css": {
      "version": "2.3.2",
      "resolved": "https://registry.npmjs.org/semantic-ui-css/-/semantic-ui-css-2.3.2.tgz",
      "integrity": "sha512-necQD95BgiDvmjdbGBdQRHs9is1PpxBkpTL2m+IcgahE/VNai19pk8ugeoXm/jLGou/I50JYFZgOpdVmWZEmnw==",
      "requires": {
        "jquery": "3.3.1"
      }
    },
    "semantic-ui-react": {
      "version": "0.81.3",
      "resolved": "https://registry.npmjs.org/semantic-ui-react/-/semantic-ui-react-0.81.3.tgz",
      "integrity": "sha512-AGLKjtWT0HnOyduMJn+6T4JmV5DfEuOfN2iSpBmQ5ZNJxrmdD4hoiskP89MUT7JD4Mno7aH8KkzdIKxavxpJUw==",
      "requires": {
        "@babel/runtime": "7.0.0-beta.51",
        "classnames": "2.2.6",
        "keyboard-key": "1.0.1",
        "lodash": "4.17.10",
        "prop-types": "15.6.2",
        "shallowequal": "1.1.0"
      }
    },
    "shallowequal": {
      "version": "1.1.0",
      "resolved": "https://registry.npmjs.org/shallowequal/-/shallowequal-1.1.0.tgz",
      "integrity": "sha512-y0m1JoUZSlPAjXVtPPW70aZWfIL/dSP7AFkRnniLCrK/8MDKog3TySTBmckD+RObVxH0v4Tox67+F14PdED2oQ=="
    },
    "utf8": {
      "version": "3.0.0",
      "resolved": "https://registry.npmjs.org/utf8/-/utf8-3.0.0.tgz",
      "integrity": "sha512-E8VjFIQ/TyQgp+TZfS6l8yp/xWppSAHzidGiRrqe4bK4XP9pTRyKFgGJpO3SN7zdX4DeomTrwaseCHovfpFcqQ=="
    }
  }
}
